
Microsoft Visual Studio Solution File, Format Version 12.00
# Visual Studio Version 17
VisualStudioVersion = 17.10.35027.167
MinimumVisualStudioVersion = 10.0.40219.1
Project("{FAE04EC0-301F-11D3-BF4B-00C04F79EFBC}") = "BUTPFIS.web", "BUTPFIS.web\BUTPFIS.web.csproj", "{EA544381-8EC7-43A6-9876-4F0D6A19C162}"
EndProject
Global
	GlobalSection(SolutionConfigurationPlatforms) = preSolution
		Debug|Any CPU = Debug|Any CPU
		Release|Any CPU = Release|Any CPU
	EndGlobalSection
	GlobalSection(ProjectConfigurationPlatforms) = postSolution
		{EA544381-8EC7-43A6-9876-4F0D6A19C162}.Debug|Any CPU.ActiveCfg = Debug|Any CPU
		{EA544381-8EC7-43A6-9876-4F0D6A19C162}.Debug|Any CPU.Build.0 = Debug|Any CPU
		{EA544381-8EC7-43A6-9876-4F0D6A19C162}.Release|Any CPU.ActiveCfg = Release|Any CPU
		{EA544381-8EC7-43A6-9876-4F0D6A19C162}.Release|Any CPU.Build.0 = Release|Any CPU
	EndGlobalSection
	GlobalSection(SolutionProperties) = preSolution
		HideSolutionNode = FALSE
	EndGlobalSection
	GlobalSection(ExtensibilityGlobals) = postSolution
		SolutionGuid = {9B579878-B799-42B0-8F21-3B04FE92FAB6}
	EndGlobalSection
EndGlobal
